{
  "version": 4,
  "terraform_version": "1.6.6",
  "serial": 109,
  "lineage": "7112cbd0-7881-f9eb-7d57-08d6e3d24d48",
  "outputs": {
    "cloudtrail_agent_lambda": {
      "value": {
        "arn": "arn:aws:lambda:us-east-1:637423485585:function:sre-cloudtrail-agent-lambda",
        "invoke_arn": "arn:aws:apigateway:us-east-1:lambda:path/2015-03-31/functions/arn:aws:lambda:us-east-1:637423485585:function:sre-cloudtrail-agent-lambda/invocations",
        "log_group": "/aws/lambda/sre-cloudtrail-agent-lambda",
        "name": "sre-cloudtrail-agent-lambda"
      },
      "type": [
        "object",
        {
          "arn": "string",
          "invoke_arn": "string",
          "log_group": "string",
          "name": "string"
        }
      ]
    },
    "cloudtrail_agent_lambda_arn": {
      "value": "arn:aws:lambda:us-east-1:637423485585:function:sre-cloudtrail-agent-lambda",
      "type": "string"
    },
    "lambda_role_arn": {
      "value": "arn:aws:iam::637423485585:role/sre-lambda-role",
      "type": "string"
    },
    "log_analyzer_lambda": {
      "value": {
        "arn": "arn:aws:lambda:us-east-1:637423485585:function:sre-log-analyzer-lambda",
        "invoke_arn": "arn:aws:apigateway:us-east-1:lambda:path/2015-03-31/functions/arn:aws:lambda:us-east-1:637423485585:function:sre-log-analyzer-lambda/invocations",
        "log_group": "/aws/lambda/sre-log-analyzer-lambda",
        "name": "sre-log-analyzer-lambda"
      },
      "type": [
        "object",
        {
          "arn": "string",
          "invoke_arn": "string",
          "log_group": "string",
          "name": "string"
        }
      ]
    },
    "metrics_analyzer_lambda": {
      "value": {
        "arn": "arn:aws:lambda:us-east-1:637423485585:function:sre-metrics-analyzer-lambda",
        "invoke_arn": "arn:aws:apigateway:us-east-1:lambda:path/2015-03-31/functions/arn:aws:lambda:us-east-1:637423485585:function:sre-metrics-analyzer-lambda/invocations",
        "log_group": "/aws/lambda/sre-metrics-analyzer-lambda",
        "name": "sre-metrics-analyzer-lambda"
      },
      "type": [
        "object",
        {
          "arn": "string",
          "invoke_arn": "string",
          "log_group": "string",
          "name": "string"
        }
      ]
    },
    "personal_health_agent_lambda": {
      "value": {
        "arn": "arn:aws:lambda:us-east-1:637423485585:function:sre-personal-health-agent-lambda",
        "invoke_arn": "arn:aws:apigateway:us-east-1:lambda:path/2015-03-31/functions/arn:aws:lambda:us-east-1:637423485585:function:sre-personal-health-agent-lambda/invocations",
        "log_group": "/aws/lambda/sre-personal-health-agent-lambda",
        "name": "sre-personal-health-agent-lambda"
      },
      "type": [
        "object",
        {
          "arn": "string",
          "invoke_arn": "string",
          "log_group": "string",
          "name": "string"
        }
      ]
    },
    "personal_health_agent_lambda_arn": {
      "value": "arn:aws:lambda:us-east-1:637423485585:function:sre-personal-health-agent-lambda",
      "type": "string"
    },
    "supervisor_lambda": {
      "value": {
        "arn": "arn:aws:lambda:us-east-1:637423485585:function:sre-supervisor-lambda",
        "invoke_arn": "arn:aws:apigateway:us-east-1:lambda:path/2015-03-31/functions/arn:aws:lambda:us-east-1:637423485585:function:sre-supervisor-lambda/invocations",
        "log_group": "/aws/lambda/sre-supervisor-lambda",
        "name": "sre-supervisor-lambda"
      },
      "type": [
        "object",
        {
          "arn": "string",
          "invoke_arn": "string",
          "log_group": "string",
          "name": "string"
        }
      ]
    },
    "trusted_advisor_agent_lambda": {
      "value": {
        "arn": "arn:aws:lambda:us-east-1:637423485585:function:sre-trusted-advisor-agent-lambda",
        "invoke_arn": "arn:aws:apigateway:us-east-1:lambda:path/2015-03-31/functions/arn:aws:lambda:us-east-1:637423485585:function:sre-trusted-advisor-agent-lambda/invocations",
        "log_group": "/aws/lambda/sre-trusted-advisor-agent-lambda",
        "name": "sre-trusted-advisor-agent-lambda"
      },
      "type": [
        "object",
        {
          "arn": "string",
          "invoke_arn": "string",
          "log_group": "string",
          "name": "string"
        }
      ]
    },
    "trusted_advisor_agent_lambda_arn": {
      "value": "arn:aws:lambda:us-east-1:637423485585:function:sre-trusted-advisor-agent-lambda",
      "type": "string"
    },
    "vpc_agent_lambda_arn": {
      "value": "arn:aws:lambda:us-east-1:637423485585:function:sre-vpc-agent-lambda",
      "type": "string"
    },
    "vpc_flow_logs_agent_lambda": {
      "value": {
        "arn": "arn:aws:lambda:us-east-1:637423485585:function:sre-vpc-flow-logs-agent-lambda",
        "invoke_arn": "arn:aws:apigateway:us-east-1:lambda:path/2015-03-31/functions/arn:aws:lambda:us-east-1:637423485585:function:sre-vpc-flow-logs-agent-lambda/invocations",
        "log_group": "/aws/lambda/sre-vpc-flow-logs-agent-lambda",
        "name": "sre-vpc-flow-logs-agent-lambda"
      },
      "type": [
        "object",
        {
          "arn": "string",
          "invoke_arn": "string",
          "log_group": "string",
          "name": "string"
        }
      ]
    }
  },
  "resources": [
    {
      "mode": "managed",
      "type": "aws_iam_role",
      "name": "sre_lambda_role",
      "provider": "provider[\"registry.terraform.io/hashicorp/aws\"]",
      "instances": [
        {
          "schema_version": 0,
          "attributes": {
            "arn": "arn:aws:iam::637423485585:role/sre-lambda-role",
            "assume_role_policy": "{\"Statement\":[{\"Action\":\"sts:AssumeRole\",\"Effect\":\"Allow\",\"Principal\":{\"Service\":\"lambda.amazonaws.com\"}}],\"Version\":\"2012-10-17\"}",
            "create_date": "2025-04-15T15:53:18Z",
            "description": "",
            "force_detach_policies": false,
            "id": "sre-lambda-role",
            "inline_policy": [
              {
                "name": "bedrock-access",
                "policy": "{\"Version\":\"2012-10-17\",\"Statement\":[{\"Action\":[\"bedrock:*\"],\"Effect\":\"Allow\",\"Resource\":\"*\"}]}"
              },
              {
                "name": "cloudtrail-access",
                "policy": "{\"Version\":\"2012-10-17\",\"Statement\":[{\"Action\":[\"cloudtrail:LookupEvents\",\"cloudtrail:DescribeTrails\",\"cloudtrail:GetTrailStatus\",\"cloudwatch:GetMetricStatistics\",\"cloudwatch:PutMetricData\"],\"Effect\":\"Allow\",\"Resource\":\"*\"}]}"
              },
              {
                "name": "cloudwatch-logs-access",
                "policy": "{\"Version\":\"2012-10-17\",\"Statement\":[{\"Action\":[\"logs:DescribeLogGroups\",\"logs:DescribeLogStreams\",\"logs:GetLogEvents\",\"logs:FilterLogEvents\",\"logs:DescribeMetricFilters\",\"logs:PutMetricFilter\",\"logs:DeleteMetricFilter\"],\"Effect\":\"Allow\",\"Resource\":\"*\"}]}"
              },
              {
                "name": "personal-health-access",
                "policy": "{\"Version\":\"2012-10-17\",\"Statement\":[{\"Action\":[\"health:DescribeEvents\",\"health:DescribeEventDetails\",\"health:DescribeAffectedEntities\"],\"Effect\":\"Allow\",\"Resource\":\"*\"}]}"
              },
              {
                "name": "trusted-advisor-access",
                "policy": "{\"Version\":\"2012-10-17\",\"Statement\":[{\"Action\":[\"support:DescribeTrustedAdvisorChecks\",\"support:DescribeTrustedAdvisorCheckResult\",\"support:DescribeTrustedAdvisorCheckSummaries\"],\"Effect\":\"Allow\",\"Resource\":\"*\"}]}"
              },
              {
                "name": "vpc-flow-logs-access",
                "policy": "{\"Version\":\"2012-10-17\",\"Statement\":[{\"Action\":[\"ec2:DescribeFlowLogs\",\"ec2:DescribeSecurityGroups\",\"logs:DescribeLogGroups\",\"logs:DescribeLogStreams\",\"logs:GetLogEvents\",\"logs:FilterLogEvents\"],\"Effect\":\"Allow\",\"Resource\":\"*\"}]}"
              }
            ],
            "managed_policy_arns": [
              "arn:aws:iam::aws:policy/service-role/AWSLambdaBasicExecutionRole"
            ],
            "max_session_duration": 3600,
            "name": "sre-lambda-role",
            "name_prefix": "",
            "path": "/",
            "permissions_boundary": "",
            "tags": {},
            "tags_all": {},
            "unique_id": "AROAZI2LGQKI6G3MRKRS3"
          },
          "sensitive_attributes": [],
          "private": "bnVsbA=="
        }
      ]
    },
    {
      "mode": "managed",
      "type": "aws_iam_role_policy",
      "name": "bedrock_access",
      "provider": "provider[\"registry.terraform.io/hashicorp/aws\"]",
      "instances": [
        {
          "schema_version": 0,
          "attributes": {
            "id": "sre-lambda-role:bedrock-access",
            "name": "bedrock-access",
            "name_prefix": "",
            "policy": "{\"Version\":\"2012-10-17\",\"Statement\":[{\"Action\":[\"bedrock:*\"],\"Effect\":\"Allow\",\"Resource\":\"*\"}]}",
            "role": "sre-lambda-role"
          },
          "sensitive_attributes": [],
          "private": "bnVsbA==",
          "dependencies": [
            "aws_iam_role.sre_lambda_role"
          ]
        }
      ]
    },
    {
      "mode": "managed",
      "type": "aws_iam_role_policy",
      "name": "cloudtrail_access",
      "provider": "provider[\"registry.terraform.io/hashicorp/aws\"]",
      "instances": [
        {
          "schema_version": 0,
          "attributes": {
            "id": "sre-lambda-role:cloudtrail-access",
            "name": "cloudtrail-access",
            "name_prefix": "",
            "policy": "{\"Version\":\"2012-10-17\",\"Statement\":[{\"Action\":[\"cloudtrail:LookupEvents\",\"cloudtrail:DescribeTrails\",\"cloudtrail:GetTrailStatus\",\"cloudwatch:GetMetricStatistics\",\"cloudwatch:PutMetricData\"],\"Effect\":\"Allow\",\"Resource\":\"*\"}]}",
            "role": "sre-lambda-role"
          },
          "sensitive_attributes": [],
          "private": "bnVsbA==",
          "dependencies": [
            "aws_iam_role.sre_lambda_role"
          ]
        }
      ]
    },
    {
      "mode": "managed",
      "type": "aws_iam_role_policy",
      "name": "cloudwatch_logs_access",
      "provider": "provider[\"registry.terraform.io/hashicorp/aws\"]",
      "instances": [
        {
          "schema_version": 0,
          "attributes": {
            "id": "sre-lambda-role:cloudwatch-logs-access",
            "name": "cloudwatch-logs-access",
            "name_prefix": "",
            "policy": "{\"Version\":\"2012-10-17\",\"Statement\":[{\"Action\":[\"logs:DescribeLogGroups\",\"logs:DescribeLogStreams\",\"logs:GetLogEvents\",\"logs:FilterLogEvents\",\"logs:DescribeMetricFilters\",\"logs:PutMetricFilter\",\"logs:DeleteMetricFilter\"],\"Effect\":\"Allow\",\"Resource\":\"*\"}]}",
            "role": "sre-lambda-role"
          },
          "sensitive_attributes": [],
          "private": "bnVsbA==",
          "dependencies": [
            "aws_iam_role.sre_lambda_role"
          ]
        }
      ]
    },
    {
      "mode": "managed",
      "type": "aws_iam_role_policy",
      "name": "lambda_invoke_access",
      "provider": "provider[\"registry.terraform.io/hashicorp/aws\"]",
      "instances": [
        {
          "schema_version": 0,
          "attributes": {
            "id": "sre-lambda-role:lambda-invoke-access",
            "name": "lambda-invoke-access",
            "name_prefix": "",
            "policy": "{\"Version\":\"2012-10-17\",\"Statement\":[{\"Action\":[\"lambda:InvokeFunction\"],\"Effect\":\"Allow\",\"Resource\":\"arn:aws:lambda:*:*:function:sre-*\"}]}",
            "role": "sre-lambda-role"
          },
          "sensitive_attributes": [],
          "private": "bnVsbA==",
          "dependencies": [
            "aws_iam_role.sre_lambda_role"
          ]
        }
      ]
    },
    {
      "mode": "managed",
      "type": "aws_iam_role_policy",
      "name": "personal_health_access",
      "provider": "provider[\"registry.terraform.io/hashicorp/aws\"]",
      "instances": [
        {
          "schema_version": 0,
          "attributes": {
            "id": "sre-lambda-role:personal-health-access",
            "name": "personal-health-access",
            "name_prefix": "",
            "policy": "{\"Version\":\"2012-10-17\",\"Statement\":[{\"Action\":[\"health:DescribeEvents\",\"health:DescribeEventDetails\",\"health:DescribeAffectedEntities\"],\"Effect\":\"Allow\",\"Resource\":\"*\"}]}",
            "role": "sre-lambda-role"
          },
          "sensitive_attributes": [],
          "private": "bnVsbA==",
          "dependencies": [
            "aws_iam_role.sre_lambda_role"
          ]
        }
      ]
    },
    {
      "mode": "managed",
      "type": "aws_iam_role_policy",
      "name": "trusted_advisor_access",
      "provider": "provider[\"registry.terraform.io/hashicorp/aws\"]",
      "instances": [
        {
          "schema_version": 0,
          "attributes": {
            "id": "sre-lambda-role:trusted-advisor-access",
            "name": "trusted-advisor-access",
            "name_prefix": "",
            "policy": "{\"Version\":\"2012-10-17\",\"Statement\":[{\"Action\":[\"support:DescribeTrustedAdvisorChecks\",\"support:DescribeTrustedAdvisorCheckResult\",\"support:DescribeTrustedAdvisorCheckSummaries\"],\"Effect\":\"Allow\",\"Resource\":\"*\"}]}",
            "role": "sre-lambda-role"
          },
          "sensitive_attributes": [],
          "private": "bnVsbA==",
          "dependencies": [
            "aws_iam_role.sre_lambda_role"
          ]
        }
      ]
    },
    {
      "mode": "managed",
      "type": "aws_iam_role_policy",
      "name": "vpc_flow_logs_access",
      "provider": "provider[\"registry.terraform.io/hashicorp/aws\"]",
      "instances": [
        {
          "schema_version": 0,
          "attributes": {
            "id": "sre-lambda-role:vpc-flow-logs-access",
            "name": "vpc-flow-logs-access",
            "name_prefix": "",
            "policy": "{\"Version\":\"2012-10-17\",\"Statement\":[{\"Action\":[\"ec2:DescribeFlowLogs\",\"ec2:DescribeSecurityGroups\",\"logs:DescribeLogGroups\",\"logs:DescribeLogStreams\",\"logs:GetLogEvents\",\"logs:FilterLogEvents\"],\"Effect\":\"Allow\",\"Resource\":\"*\"}]}",
            "role": "sre-lambda-role"
          },
          "sensitive_attributes": [],
          "private": "bnVsbA==",
          "dependencies": [
            "aws_iam_role.sre_lambda_role"
          ]
        }
      ]
    },
    {
      "mode": "managed",
      "type": "aws_iam_role_policy_attachment",
      "name": "lambda_basic",
      "provider": "provider[\"registry.terraform.io/hashicorp/aws\"]",
      "instances": [
        {
          "schema_version": 0,
          "attributes": {
            "id": "sre-lambda-role-20250415155322741700000001",
            "policy_arn": "arn:aws:iam::aws:policy/service-role/AWSLambdaBasicExecutionRole",
            "role": "sre-lambda-role"
          },
          "sensitive_attributes": [],
          "private": "bnVsbA==",
          "dependencies": [
            "aws_iam_role.sre_lambda_role"
          ]
        }
      ]
    },
    {
      "module": "module.cloudtrail_agent_lambda",
      "mode": "data",
      "type": "archive_file",
      "name": "lambda_zip",
      "provider": "provider[\"registry.terraform.io/hashicorp/archive\"]",
      "instances": [
        {
          "schema_version": 0,
          "attributes": {
            "exclude_symlink_directories": null,
            "excludes": null,
            "id": "858db12b563ea51d30a359c84f0946da56e2339d",
            "output_base64sha256": "GQnS7GeCqeQ56gzAToC/x0/g24TimFlGObypVNe76bY=",
            "output_base64sha512": "CP3+zAXo8GPk0PTCkWUI5sYswSoM/7YglemQC9fCgSwFZa3VO1rCKF11BZ0bJffbSRqzTcMHIO3NNMW97bJolg==",
            "output_file_mode": null,
            "output_md5": "4c7bfd601c92b9cd3be9da7e6622c8fd",
            "output_path": "modules/lambda/lambda_function.zip",
            "output_sha": "858db12b563ea51d30a359c84f0946da56e2339d",
            "output_sha256": "1909d2ec6782a9e439ea0cc04e80bfc74fe0db84e298594639bca954d7bbe9b6",
            "output_sha512": "08fdfecc05e8f063e4d0f4c2916508e6c62cc12a0cffb62095e9900bd7c2812c0565add53b5ac2285d75059d1b25f7db491ab34dc30720edcd34c5bdedb26896",
            "output_size": 2066,
            "source": [],
            "source_content": null,
            "source_content_filename": null,
            "source_dir": "modules/lambda/temp",
            "source_file": null,
            "type": "zip"
          },
          "sensitive_attributes": []
        }
      ]
    },
    {
      "module": "module.cloudtrail_agent_lambda",
      "mode": "managed",
      "type": "aws_cloudwatch_log_group",
      "name": "lambda_logs",
      "provider": "provider[\"registry.terraform.io/hashicorp/aws\"]",
      "instances": [
        {
          "schema_version": 0,
          "attributes": {
            "arn": "arn:aws:logs:us-east-1:637423485585:log-group:/aws/lambda/sre-cloudtrail-agent-lambda",
            "id": "/aws/lambda/sre-cloudtrail-agent-lambda",
            "kms_key_id": "",
            "log_group_class": "STANDARD",
            "name": "/aws/lambda/sre-cloudtrail-agent-lambda",
            "name_prefix": "",
            "retention_in_days": 14,
            "skip_destroy": false,
            "tags": {
              "Environment": "dev",
              "Service": "sre-copilot"
            },
            "tags_all": {
              "Environment": "dev",
              "Service": "sre-copilot"
            }
          },
          "sensitive_attributes": [],
          "private": "bnVsbA=="
        }
      ]
    },
    {
      "module": "module.cloudtrail_agent_lambda",
      "mode": "managed",
      "type": "aws_lambda_function",
      "name": "function",
      "provider": "provider[\"registry.terraform.io/hashicorp/aws\"]",
      "instances": [
        {
          "schema_version": 0,
          "attributes": {
            "architectures": [
              "x86_64"
            ],
            "arn": "arn:aws:lambda:us-east-1:637423485585:function:sre-cloudtrail-agent-lambda",
            "code_sha256": "GQnS7GeCqeQ56gzAToC/x0/g24TimFlGObypVNe76bY=",
            "code_signing_config_arn": "",
            "dead_letter_config": [],
            "description": "SRE CloudTrail Agent Lambda Function",
            "environment": [
              {
                "variables": {
                  "LOG_LEVEL": "INFO"
                }
              }
            ],
            "ephemeral_storage": [
              {
                "size": 512
              }
            ],
            "file_system_config": [],
            "filename": "modules/lambda/lambda_function.zip",
            "function_name": "sre-cloudtrail-agent-lambda",
            "handler": "lambda_function.lambda_handler",
            "id": "sre-cloudtrail-agent-lambda",
            "image_config": [],
            "image_uri": "",
            "invoke_arn": "arn:aws:apigateway:us-east-1:lambda:path/2015-03-31/functions/arn:aws:lambda:us-east-1:637423485585:function:sre-cloudtrail-agent-lambda/invocations",
            "kms_key_arn": "",
            "last_modified": "2025-08-02T10:37:17.190+0000",
            "layers": null,
            "logging_config": [
              {
                "application_log_level": "",
                "log_format": "Text",
                "log_group": "/aws/lambda/sre-cloudtrail-agent-lambda",
                "system_log_level": ""
              }
            ],
            "memory_size": 256,
            "package_type": "Zip",
            "publish": false,
            "qualified_arn": "arn:aws:lambda:us-east-1:637423485585:function:sre-cloudtrail-agent-lambda:$LATEST",
            "qualified_invoke_arn": "arn:aws:apigateway:us-east-1:lambda:path/2015-03-31/functions/arn:aws:lambda:us-east-1:637423485585:function:sre-cloudtrail-agent-lambda:$LATEST/invocations",
            "replace_security_groups_on_destroy": null,
            "replacement_security_group_ids": null,
            "reserved_concurrent_executions": -1,
            "role": "arn:aws:iam::637423485585:role/sre-lambda-role",
            "runtime": "python3.9",
            "s3_bucket": null,
            "s3_key": null,
            "s3_object_version": null,
            "signing_job_arn": "",
            "signing_profile_version_arn": "",
            "skip_destroy": false,
            "snap_start": [],
            "source_code_hash": "GQnS7GeCqeQ56gzAToC/x0/g24TimFlGObypVNe76bY=",
            "source_code_size": 2066,
            "tags": {
              "Environment": "dev",
              "Service": "sre-copilot"
            },
            "tags_all": {
              "Environment": "dev",
              "Service": "sre-copilot"
            },
            "timeout": 300,
            "timeouts": null,
            "tracing_config": [
              {
                "mode": "PassThrough"
              }
            ],
            "version": "$LATEST",
            "vpc_config": []
          },
          "sensitive_attributes": [],
          "private": "eyJlMmJmYjczMC1lY2FhLTExZTYtOGY4OC0zNDM2M2JjN2M0YzAiOnsiY3JlYXRlIjo2MDAwMDAwMDAwMDAsImRlbGV0ZSI6NjAwMDAwMDAwMDAwLCJ1cGRhdGUiOjYwMDAwMDAwMDAwMH19",
          "dependencies": [
            "aws_iam_role.sre_lambda_role",
            "module.cloudtrail_agent_lambda.data.archive_file.lambda_zip",
            "module.cloudtrail_agent_lambda.null_resource.prepare_lambda"
          ]
        }
      ]
    },
    {
      "module": "module.cloudtrail_agent_lambda",
      "mode": "managed",
      "type": "null_resource",
      "name": "prepare_lambda",
      "provider": "provider[\"registry.terraform.io/hashicorp/null\"]",
      "instances": [
        {
          "schema_version": 0,
          "attributes": {
            "id": "4709072665174475908",
            "triggers": {
              "lambda_file": "b2f8b515fff438596a5b802f41868053c93e673f036d712c28db9f85c514c6b3",
              "source_code": "no-requirements"
            }
          },
          "sensitive_attributes": []
        }
      ]
    },
    {
      "module": "module.cloudwatch_logs_agent_lambda",
      "mode": "data",
      "type": "archive_file",
      "name": "lambda_zip",
      "provider": "provider[\"registry.terraform.io/hashicorp/archive\"]",
      "instances": [
        {
          "schema_version": 0,
          "attributes": {
            "exclude_symlink_directories": null,
            "excludes": null,
            "id": "75689638e1aa0d6f717fa4b27adbb4ea6ce595ee",
            "output_base64sha256": "ksinpUWcuKrJ5HzAnc1mDB+hKs9ZVLm71jD4bQiN+xk=",
            "output_base64sha512": "5KreVuJmbEUhdFr/1ZhWcEcIF2YoT2BPhACjcBdPi0gS4tgvINY4NyzxBbOu+pHA9EzcJG/MM48x5Dtdpf7/ow==",
            "output_file_mode": null,
            "output_md5": "f4a7eceedbb9b7d70d005d193ba1d97c",
            "output_path": "modules/lambda/lambda_function.zip",
            "output_sha": "75689638e1aa0d6f717fa4b27adbb4ea6ce595ee",
            "output_sha256": "92c8a7a5459cb8aac9e47cc09dcd660c1fa12acf5954b9bbd630f86d088dfb19",
            "output_sha512": "e4aade56e2666c4521745affd598567047081766284f604f8400a370174f8b4812e2d82f20d638372cf105b3aefa91c0f44cdc246fcc338f31e43b5da5feffa3",
            "output_size": 3037,
            "source": [],
            "source_content": null,
            "source_content_filename": null,
            "source_dir": "modules/lambda/temp",
            "source_file": null,
            "type": "zip"
          },
          "sensitive_attributes": []
        }
      ]
    },
    {
      "module": "module.cloudwatch_logs_agent_lambda",
      "mode": "managed",
      "type": "aws_cloudwatch_log_group",
      "name": "lambda_logs",
      "provider": "provider[\"registry.terraform.io/hashicorp/aws\"]",
      "instances": [
        {
          "schema_version": 0,
          "attributes": {
            "arn": "arn:aws:logs:us-east-1:637423485585:log-group:/aws/lambda/sre-cloudwatch-logs-agent-lambda",
            "id": "/aws/lambda/sre-cloudwatch-logs-agent-lambda",
            "kms_key_id": "",
            "log_group_class": "STANDARD",
            "name": "/aws/lambda/sre-cloudwatch-logs-agent-lambda",
            "name_prefix": "",
            "retention_in_days": 14,
            "skip_destroy": false,
            "tags": {
              "Environment": "dev",
              "Service": "sre-copilot"
            },
            "tags_all": {
              "Environment": "dev",
              "Service": "sre-copilot"
            }
          },
          "sensitive_attributes": [],
          "private": "bnVsbA=="
        }
      ]
    },
    {
      "module": "module.cloudwatch_logs_agent_lambda",
      "mode": "managed",
      "type": "aws_lambda_function",
      "name": "function",
      "provider": "provider[\"registry.terraform.io/hashicorp/aws\"]",
      "instances": [
        {
          "schema_version": 0,
          "attributes": {
            "architectures": [
              "x86_64"
            ],
            "arn": "arn:aws:lambda:us-east-1:637423485585:function:sre-cloudwatch-logs-agent-lambda",
            "code_sha256": "ksinpUWcuKrJ5HzAnc1mDB+hKs9ZVLm71jD4bQiN+xk=",
            "code_signing_config_arn": "",
            "dead_letter_config": [],
            "description": "SRE CloudWatch Logs Agent Lambda Function",
            "environment": [
              {
                "variables": {
                  "LOG_LEVEL": "INFO"
                }
              }
            ],
            "ephemeral_storage": [
              {
                "size": 512
              }
            ],
            "file_system_config": [],
            "filename": "modules/lambda/lambda_function.zip",
            "function_name": "sre-cloudwatch-logs-agent-lambda",
            "handler": "lambda_function.lambda_handler",
            "id": "sre-cloudwatch-logs-agent-lambda",
            "image_config": [],
            "image_uri": "",
            "invoke_arn": "arn:aws:apigateway:us-east-1:lambda:path/2015-03-31/functions/arn:aws:lambda:us-east-1:637423485585:function:sre-cloudwatch-logs-agent-lambda/invocations",
            "kms_key_arn": "",
            "last_modified": "2025-08-02T10:45:22.061+0000",
            "layers": null,
            "logging_config": [
              {
                "application_log_level": "",
                "log_format": "Text",
                "log_group": "/aws/lambda/sre-cloudwatch-logs-agent-lambda",
                "system_log_level": ""
              }
            ],
            "memory_size": 256,
            "package_type": "Zip",
            "publish": false,
            "qualified_arn": "arn:aws:lambda:us-east-1:637423485585:function:sre-cloudwatch-logs-agent-lambda:$LATEST",
            "qualified_invoke_arn": "arn:aws:apigateway:us-east-1:lambda:path/2015-03-31/functions/arn:aws:lambda:us-east-1:637423485585:function:sre-cloudwatch-logs-agent-lambda:$LATEST/invocations",
            "replace_security_groups_on_destroy": null,
            "replacement_security_group_ids": null,
            "reserved_concurrent_executions": -1,
            "role": "arn:aws:iam::637423485585:role/sre-lambda-role",
            "runtime": "python3.9",
            "s3_bucket": null,
            "s3_key": null,
            "s3_object_version": null,
            "signing_job_arn": "",
            "signing_profile_version_arn": "",
            "skip_destroy": false,
            "snap_start": [],
            "source_code_hash": "ksinpUWcuKrJ5HzAnc1mDB+hKs9ZVLm71jD4bQiN+xk=",
            "source_code_size": 3037,
            "tags": {
              "Environment": "dev",
              "Service": "sre-copilot"
            },
            "tags_all": {
              "Environment": "dev",
              "Service": "sre-copilot"
            },
            "timeout": 300,
            "timeouts": null,
            "tracing_config": [
              {
                "mode": "PassThrough"
              }
            ],
            "version": "$LATEST",
            "vpc_config": []
          },
          "sensitive_attributes": [],
          "private": "eyJlMmJmYjczMC1lY2FhLTExZTYtOGY4OC0zNDM2M2JjN2M0YzAiOnsiY3JlYXRlIjo2MDAwMDAwMDAwMDAsImRlbGV0ZSI6NjAwMDAwMDAwMDAwLCJ1cGRhdGUiOjYwMDAwMDAwMDAwMH19",
          "dependencies": [
            "aws_iam_role.sre_lambda_role",
            "module.cloudwatch_logs_agent_lambda.data.archive_file.lambda_zip",
            "module.cloudwatch_logs_agent_lambda.null_resource.prepare_lambda"
          ]
        }
      ]
    },
    {
      "module": "module.cloudwatch_logs_agent_lambda",
      "mode": "managed",
      "type": "null_resource",
      "name": "prepare_lambda",
      "provider": "provider[\"registry.terraform.io/hashicorp/null\"]",
      "instances": [
        {
          "schema_version": 0,
          "attributes": {
            "id": "7712578586453267740",
            "triggers": {
              "lambda_file": "ffa4f262a7701e179d3c2a75d094de5bec1e725383ee4958513e1fe7f55db907",
              "source_code": "no-requirements"
            }
          },
          "sensitive_attributes": []
        }
      ]
    },
    {
      "module": "module.log_analyzer_lambda",
      "mode": "data",
      "type": "archive_file",
      "name": "lambda_zip",
      "provider": "provider[\"registry.terraform.io/hashicorp/archive\"]",
      "instances": [
        {
          "schema_version": 0,
          "attributes": {
            "exclude_symlink_directories": null,
            "excludes": null,
            "id": "858db12b563ea51d30a359c84f0946da56e2339d",
            "output_base64sha256": "GQnS7GeCqeQ56gzAToC/x0/g24TimFlGObypVNe76bY=",
            "output_base64sha512": "CP3+zAXo8GPk0PTCkWUI5sYswSoM/7YglemQC9fCgSwFZa3VO1rCKF11BZ0bJffbSRqzTcMHIO3NNMW97bJolg==",
            "output_file_mode": null,
            "output_md5": "4c7bfd601c92b9cd3be9da7e6622c8fd",
            "output_path": "modules/lambda/lambda_function.zip",
            "output_sha": "858db12b563ea51d30a359c84f0946da56e2339d",
            "output_sha256": "1909d2ec6782a9e439ea0cc04e80bfc74fe0db84e298594639bca954d7bbe9b6",
            "output_sha512": "08fdfecc05e8f063e4d0f4c2916508e6c62cc12a0cffb62095e9900bd7c2812c0565add53b5ac2285d75059d1b25f7db491ab34dc30720edcd34c5bdedb26896",
            "output_size": 2066,
            "source": [],
            "source_content": null,
            "source_content_filename": null,
            "source_dir": "modules/lambda/temp",
            "source_file": null,
            "type": "zip"
          },
          "sensitive_attributes": []
        }
      ]
    },
    {
      "module": "module.log_analyzer_lambda",
      "mode": "managed",
      "type": "aws_cloudwatch_log_group",
      "name": "lambda_logs",
      "provider": "provider[\"registry.terraform.io/hashicorp/aws\"]",
      "instances": [
        {
          "schema_version": 0,
          "attributes": {
            "arn": "arn:aws:logs:us-east-1:637423485585:log-group:/aws/lambda/sre-log-analyzer-lambda",
            "id": "/aws/lambda/sre-log-analyzer-lambda",
            "kms_key_id": "",
            "log_group_class": "STANDARD",
            "name": "/aws/lambda/sre-log-analyzer-lambda",
            "name_prefix": "",
            "retention_in_days": 14,
            "skip_destroy": false,
            "tags": {
              "Environment": "dev",
              "Service": "sre-copilot"
            },
            "tags_all": {
              "Environment": "dev",
              "Service": "sre-copilot"
            }
          },
          "sensitive_attributes": [],
          "private": "bnVsbA=="
        }
      ]
    },
    {
      "module": "module.log_analyzer_lambda",
      "mode": "managed",
      "type": "aws_lambda_function",
      "name": "function",
      "provider": "provider[\"registry.terraform.io/hashicorp/aws\"]",
      "instances": [
        {
          "schema_version": 0,
          "attributes": {
            "architectures": [
              "x86_64"
            ],
            "arn": "arn:aws:lambda:us-east-1:637423485585:function:sre-log-analyzer-lambda",
            "code_sha256": "GQnS7GeCqeQ56gzAToC/x0/g24TimFlGObypVNe76bY=",
            "code_signing_config_arn": "",
            "dead_letter_config": [],
            "description": "SRE Log Analyzer Lambda Function",
            "environment": [
              {
                "variables": {
                  "LOG_LEVEL": "INFO"
                }
              }
            ],
            "ephemeral_storage": [
              {
                "size": 512
              }
            ],
            "file_system_config": [],
            "filename": "modules/lambda/lambda_function.zip",
            "function_name": "sre-log-analyzer-lambda",
            "handler": "lambda_function.lambda_handler",
            "id": "sre-log-analyzer-lambda",
            "image_config": [],
            "image_uri": "",
            "invoke_arn": "arn:aws:apigateway:us-east-1:lambda:path/2015-03-31/functions/arn:aws:lambda:us-east-1:637423485585:function:sre-log-analyzer-lambda/invocations",
            "kms_key_arn": "",
            "last_modified": "2025-08-02T10:37:23.141+0000",
            "layers": null,
            "logging_config": [
              {
                "application_log_level": "",
                "log_format": "Text",
                "log_group": "/aws/lambda/sre-log-analyzer-lambda",
                "system_log_level": ""
              }
            ],
            "memory_size": 256,
            "package_type": "Zip",
            "publish": false,
            "qualified_arn": "arn:aws:lambda:us-east-1:637423485585:function:sre-log-analyzer-lambda:$LATEST",
            "qualified_invoke_arn": "arn:aws:apigateway:us-east-1:lambda:path/2015-03-31/functions/arn:aws:lambda:us-east-1:637423485585:function:sre-log-analyzer-lambda:$LATEST/invocations",
            "replace_security_groups_on_destroy": null,
            "replacement_security_group_ids": null,
            "reserved_concurrent_executions": -1,
            "role": "arn:aws:iam::637423485585:role/sre-lambda-role",
            "runtime": "python3.9",
            "s3_bucket": null,
            "s3_key": null,
            "s3_object_version": null,
            "signing_job_arn": "",
            "signing_profile_version_arn": "",
            "skip_destroy": false,
            "snap_start": [],
            "source_code_hash": "GQnS7GeCqeQ56gzAToC/x0/g24TimFlGObypVNe76bY=",
            "source_code_size": 2066,
            "tags": {
              "Environment": "dev",
              "Service": "sre-copilot"
            },
            "tags_all": {
              "Environment": "dev",
              "Service": "sre-copilot"
            },
            "timeout": 30,
            "timeouts": null,
            "tracing_config": [
              {
                "mode": "PassThrough"
              }
            ],
            "version": "$LATEST",
            "vpc_config": []
          },
          "sensitive_attributes": [],
          "private": "eyJlMmJmYjczMC1lY2FhLTExZTYtOGY4OC0zNDM2M2JjN2M0YzAiOnsiY3JlYXRlIjo2MDAwMDAwMDAwMDAsImRlbGV0ZSI6NjAwMDAwMDAwMDAwLCJ1cGRhdGUiOjYwMDAwMDAwMDAwMH19",
          "dependencies": [
            "aws_iam_role.sre_lambda_role",
            "module.log_analyzer_lambda.data.archive_file.lambda_zip",
            "module.log_analyzer_lambda.null_resource.prepare_lambda"
          ]
        }
      ]
    },
    {
      "module": "module.log_analyzer_lambda",
      "mode": "managed",
      "type": "null_resource",
      "name": "prepare_lambda",
      "provider": "provider[\"registry.terraform.io/hashicorp/null\"]",
      "instances": [
        {
          "schema_version": 0,
          "attributes": {
            "id": "2140119400660844554",
            "triggers": {
              "lambda_file": "4bef16ccb390a66ea796fd80362f67c1c54592f54c84eb86a91686db1d6cde96",
              "source_code": "f7b0f90ec6da8fcdfa13654a77dba7c2e8566c6250465e8a9d762855ce4632ca"
            }
          },
          "sensitive_attributes": []
        }
      ]
    },
    {
      "module": "module.metrics_analyzer_lambda",
      "mode": "data",
      "type": "archive_file",
      "name": "lambda_zip",
      "provider": "provider[\"registry.terraform.io/hashicorp/archive\"]",
      "instances": [
        {
          "schema_version": 0,
          "attributes": {
            "exclude_symlink_directories": null,
            "excludes": null,
            "id": "858db12b563ea51d30a359c84f0946da56e2339d",
            "output_base64sha256": "GQnS7GeCqeQ56gzAToC/x0/g24TimFlGObypVNe76bY=",
            "output_base64sha512": "CP3+zAXo8GPk0PTCkWUI5sYswSoM/7YglemQC9fCgSwFZa3VO1rCKF11BZ0bJffbSRqzTcMHIO3NNMW97bJolg==",
            "output_file_mode": null,
            "output_md5": "4c7bfd601c92b9cd3be9da7e6622c8fd",
            "output_path": "modules/lambda/lambda_function.zip",
            "output_sha": "858db12b563ea51d30a359c84f0946da56e2339d",
            "output_sha256": "1909d2ec6782a9e439ea0cc04e80bfc74fe0db84e298594639bca954d7bbe9b6",
            "output_sha512": "08fdfecc05e8f063e4d0f4c2916508e6c62cc12a0cffb62095e9900bd7c2812c0565add53b5ac2285d75059d1b25f7db491ab34dc30720edcd34c5bdedb26896",
            "output_size": 2066,
            "source": [],
            "source_content": null,
            "source_content_filename": null,
            "source_dir": "modules/lambda/temp",
            "source_file": null,
            "type": "zip"
          },
          "sensitive_attributes": []
        }
      ]
    },
    {
      "module": "module.metrics_analyzer_lambda",
      "mode": "managed",
      "type": "aws_cloudwatch_log_group",
      "name": "lambda_logs",
      "provider": "provider[\"registry.terraform.io/hashicorp/aws\"]",
      "instances": [
        {
          "schema_version": 0,
          "attributes": {
            "arn": "arn:aws:logs:us-east-1:637423485585:log-group:/aws/lambda/sre-metrics-analyzer-lambda",
            "id": "/aws/lambda/sre-metrics-analyzer-lambda",
            "kms_key_id": "",
            "log_group_class": "STANDARD",
            "name": "/aws/lambda/sre-metrics-analyzer-lambda",
            "name_prefix": "",
            "retention_in_days": 14,
            "skip_destroy": false,
            "tags": {
              "Environment": "dev",
              "Service": "sre-copilot"
            },
            "tags_all": {
              "Environment": "dev",
              "Service": "sre-copilot"
            }
          },
          "sensitive_attributes": [],
          "private": "bnVsbA=="
        }
      ]
    },
    {
      "module": "module.metrics_analyzer_lambda",
      "mode": "managed",
      "type": "aws_lambda_function",
      "name": "function",
      "provider": "provider[\"registry.terraform.io/hashicorp/aws\"]",
      "instances": [
        {
          "schema_version": 0,
          "attributes": {
            "architectures": [
              "x86_64"
            ],
            "arn": "arn:aws:lambda:us-east-1:637423485585:function:sre-metrics-analyzer-lambda",
            "code_sha256": "GQnS7GeCqeQ56gzAToC/x0/g24TimFlGObypVNe76bY=",
            "code_signing_config_arn": "",
            "dead_letter_config": [],
            "description": "SRE Metrics Analyzer Lambda Function",
            "environment": [
              {
                "variables": {
                  "LOG_LEVEL": "INFO"
                }
              }
            ],
            "ephemeral_storage": [
              {
                "size": 512
              }
            ],
            "file_system_config": [],
            "filename": "modules/lambda/lambda_function.zip",
            "function_name": "sre-metrics-analyzer-lambda",
            "handler": "lambda_function.lambda_handler",
            "id": "sre-metrics-analyzer-lambda",
            "image_config": [],
            "image_uri": "",
            "invoke_arn": "arn:aws:apigateway:us-east-1:lambda:path/2015-03-31/functions/arn:aws:lambda:us-east-1:637423485585:function:sre-metrics-analyzer-lambda/invocations",
            "kms_key_arn": "",
            "last_modified": "2025-08-02T10:37:29.066+0000",
            "layers": null,
            "logging_config": [
              {
                "application_log_level": "",
                "log_format": "Text",
                "log_group": "/aws/lambda/sre-metrics-analyzer-lambda",
                "system_log_level": ""
              }
            ],
            "memory_size": 256,
            "package_type": "Zip",
            "publish": false,
            "qualified_arn": "arn:aws:lambda:us-east-1:637423485585:function:sre-metrics-analyzer-lambda:$LATEST",
            "qualified_invoke_arn": "arn:aws:apigateway:us-east-1:lambda:path/2015-03-31/functions/arn:aws:lambda:us-east-1:637423485585:function:sre-metrics-analyzer-lambda:$LATEST/invocations",
            "replace_security_groups_on_destroy": null,
            "replacement_security_group_ids": null,
            "reserved_concurrent_executions": -1,
            "role": "arn:aws:iam::637423485585:role/sre-lambda-role",
            "runtime": "python3.9",
            "s3_bucket": null,
            "s3_key": null,
            "s3_object_version": null,
            "signing_job_arn": "",
            "signing_profile_version_arn": "",
            "skip_destroy": false,
            "snap_start": [],
            "source_code_hash": "GQnS7GeCqeQ56gzAToC/x0/g24TimFlGObypVNe76bY=",
            "source_code_size": 2066,
            "tags": {
              "Environment": "dev",
              "Service": "sre-copilot"
            },
            "tags_all": {
              "Environment": "dev",
              "Service": "sre-copilot"
            },
            "timeout": 30,
            "timeouts": null,
            "tracing_config": [
              {
                "mode": "PassThrough"
              }
            ],
            "version": "$LATEST",
            "vpc_config": []
          },
          "sensitive_attributes": [],
          "private": "eyJlMmJmYjczMC1lY2FhLTExZTYtOGY4OC0zNDM2M2JjN2M0YzAiOnsiY3JlYXRlIjo2MDAwMDAwMDAwMDAsImRlbGV0ZSI6NjAwMDAwMDAwMDAwLCJ1cGRhdGUiOjYwMDAwMDAwMDAwMH19",
          "dependencies": [
            "aws_iam_role.sre_lambda_role",
            "module.metrics_analyzer_lambda.data.archive_file.lambda_zip",
            "module.metrics_analyzer_lambda.null_resource.prepare_lambda"
          ]
        }
      ]
    },
    {
      "module": "module.metrics_analyzer_lambda",
      "mode": "managed",
      "type": "null_resource",
      "name": "prepare_lambda",
      "provider": "provider[\"registry.terraform.io/hashicorp/null\"]",
      "instances": [
        {
          "schema_version": 0,
          "attributes": {
            "id": "8976577297888700225",
            "triggers": {
              "lambda_file": "f94ff1b199d835dad1d105ab28871f41acd612c133f435cf14ceed16074ca590",
              "source_code": "08a6dbab89be971ad88c60483458d693d6c64016b68bd96d4bdb892e40bd9b71"
            }
          },
          "sensitive_attributes": []
        }
      ]
    },
    {
      "module": "module.personal_health_agent_lambda",
      "mode": "data",
      "type": "archive_file",
      "name": "lambda_zip",
      "provider": "provider[\"registry.terraform.io/hashicorp/archive\"]",
      "instances": [
        {
          "schema_version": 0,
          "attributes": {
            "exclude_symlink_directories": null,
            "excludes": null,
            "id": "da39a3ee5e6b4b0d3255bfef95601890afd80709",
            "output_base64sha256": "47DEQpj8HBSa+/TImW+5JCeuQeRkm5NMpJWZG3hSuFU=",
            "output_base64sha512": "z4PhNX7vuL3xVChQ1m2AB9Yg5AULVxXcg/SpIdNs6c5H0NE8XYXysP+DGNKHfuwvY7kxvUdBeoGlODJ6+SfaPg==",
            "output_file_mode": null,
            "output_md5": "d41d8cd98f00b204e9800998ecf8427e",
            "output_path": "modules/lambda/lambda_function.zip",
            "output_sha": "da39a3ee5e6b4b0d3255bfef95601890afd80709",
            "output_sha256": "e3b0c44298fc1c149afbf4c8996fb92427ae41e4649b934ca495991b7852b855",
            "output_sha512": "cf83e1357eefb8bdf1542850d66d8007d620e4050b5715dc83f4a921d36ce9ce47d0d13c5d85f2b0ff8318d2877eec2f63b931bd47417a81a538327af927da3e",
            "output_size": 2066,
            "source": [],
            "source_content": null,
            "source_content_filename": null,
            "source_dir": "modules/lambda/temp",
            "source_file": null,
            "type": "zip"
          },
          "sensitive_attributes": []
        }
      ]
    },
    {
      "module": "module.personal_health_agent_lambda",
      "mode": "managed",
      "type": "aws_cloudwatch_log_group",
      "name": "lambda_logs",
      "provider": "provider[\"registry.terraform.io/hashicorp/aws\"]",
      "instances": [
        {
          "schema_version": 0,
          "attributes": {
            "arn": "arn:aws:logs:us-east-1:637423485585:log-group:/aws/lambda/sre-personal-health-agent-lambda",
            "id": "/aws/lambda/sre-personal-health-agent-lambda",
            "kms_key_id": "",
            "log_group_class": "STANDARD",
            "name": "/aws/lambda/sre-personal-health-agent-lambda",
            "name_prefix": "",
            "retention_in_days": 14,
            "skip_destroy": false,
            "tags": {
              "Environment": "dev",
              "Service": "sre-copilot"
            },
            "tags_all": {
              "Environment": "dev",
              "Service": "sre-copilot"
            }
          },
          "sensitive_attributes": [],
          "private": "bnVsbA=="
        }
      ]
    },
    {
      "module": "module.personal_health_agent_lambda",
      "mode": "managed",
      "type": "aws_lambda_function",
      "name": "function",
      "provider": "provider[\"registry.terraform.io/hashicorp/aws\"]",
      "instances": [
        {
          "schema_version": 0,
          "attributes": {
            "architectures": [
              "x86_64"
            ],
            "arn": "arn:aws:lambda:us-east-1:637423485585:function:sre-personal-health-agent-lambda",
            "code_sha256": "GQnS7GeCqeQ56gzAToC/x0/g24TimFlGObypVNe76bY=",
            "code_signing_config_arn": "",
            "dead_letter_config": [],
            "description": "SRE Personal Health Agent Lambda Function",
            "environment": [
              {
                "variables": {
                  "LOG_LEVEL": "INFO"
                }
              }
            ],
            "ephemeral_storage": [
              {
                "size": 512
              }
            ],
            "file_system_config": [],
            "filename": "modules/lambda/lambda_function.zip",
            "function_name": "sre-personal-health-agent-lambda",
            "handler": "lambda_function.lambda_handler",
            "id": "sre-personal-health-agent-lambda",
            "image_config": [],
            "image_uri": "",
            "invoke_arn": "arn:aws:apigateway:us-east-1:lambda:path/2015-03-31/functions/arn:aws:lambda:us-east-1:637423485585:function:sre-personal-health-agent-lambda/invocations",
            "kms_key_arn": "",
            "last_modified": "2025-08-02T10:37:34.924+0000",
            "layers": null,
            "logging_config": [
              {
                "application_log_level": "",
                "log_format": "Text",
                "log_group": "/aws/lambda/sre-personal-health-agent-lambda",
                "system_log_level": ""
              }
            ],
            "memory_size": 256,
            "package_type": "Zip",
            "publish": false,
            "qualified_arn": "arn:aws:lambda:us-east-1:637423485585:function:sre-personal-health-agent-lambda:$LATEST",
            "qualified_invoke_arn": "arn:aws:apigateway:us-east-1:lambda:path/2015-03-31/functions/arn:aws:lambda:us-east-1:637423485585:function:sre-personal-health-agent-lambda:$LATEST/invocations",
            "replace_security_groups_on_destroy": null,
            "replacement_security_group_ids": null,
            "reserved_concurrent_executions": -1,
            "role": "arn:aws:iam::637423485585:role/sre-lambda-role",
            "runtime": "python3.9",
            "s3_bucket": null,
            "s3_key": null,
            "s3_object_version": null,
            "signing_job_arn": "",
            "signing_profile_version_arn": "",
            "skip_destroy": false,
            "snap_start": [],
            "source_code_hash": "47DEQpj8HBSa+/TImW+5JCeuQeRkm5NMpJWZG3hSuFU=",
            "source_code_size": 2066,
            "tags": {
              "Environment": "dev",
              "Service": "sre-copilot"
            },
            "tags_all": {
              "Environment": "dev",
              "Service": "sre-copilot"
            },
            "timeout": 300,
            "timeouts": null,
            "tracing_config": [
              {
                "mode": "PassThrough"
              }
            ],
            "version": "$LATEST",
            "vpc_config": []
          },
          "sensitive_attributes": [],
          "private": "eyJlMmJmYjczMC1lY2FhLTExZTYtOGY4OC0zNDM2M2JjN2M0YzAiOnsiY3JlYXRlIjo2MDAwMDAwMDAwMDAsImRlbGV0ZSI6NjAwMDAwMDAwMDAwLCJ1cGRhdGUiOjYwMDAwMDAwMDAwMH19",
          "dependencies": [
            "aws_iam_role.sre_lambda_role",
            "module.personal_health_agent_lambda.data.archive_file.lambda_zip",
            "module.personal_health_agent_lambda.null_resource.prepare_lambda"
          ]
        }
      ]
    },
    {
      "module": "module.personal_health_agent_lambda",
      "mode": "managed",
      "type": "null_resource",
      "name": "prepare_lambda",
      "provider": "provider[\"registry.terraform.io/hashicorp/null\"]",
      "instances": [
        {
          "schema_version": 0,
          "attributes": {
            "id": "1066742684782477490",
            "triggers": {
              "lambda_file": "b5ad6b308709d941844a974aa9904ed241272a154c5587aa767d8911610f97ba",
              "source_code": "no-requirements"
            }
          },
          "sensitive_attributes": []
        }
      ]
    },
    {
      "module": "module.supervisor_lambda",
      "mode": "data",
      "type": "archive_file",
      "name": "lambda_zip",
      "provider": "provider[\"registry.terraform.io/hashicorp/archive\"]",
      "instances": [
        {
          "schema_version": 0,
          "attributes": {
            "exclude_symlink_directories": null,
            "excludes": null,
            "id": "48ac61683af5eaa706ecb8769ad353a9a5a95299",
            "output_base64sha256": "cZ7R50DTBtOZLl8ZN75yZijFRwWmV4hBk8bwwMyvYoU=",
            "output_base64sha512": "77l6kPI81s2hxV8piZ6dL9xJpKjt3SUK69gONzwhtSBJa13/3XLy+LggM+QLn/oD26HRJNDHbtbhR+d9YnSQAw==",
            "output_file_mode": null,
            "output_md5": "60627b6f5e4e2a98e70cb1c228c93a98",
            "output_path": "modules/lambda/lambda_function.zip",
            "output_sha": "48ac61683af5eaa706ecb8769ad353a9a5a95299",
            "output_sha256": "719ed1e740d306d3992e5f1937be726628c54705a657884193c6f0c0ccaf6285",
            "output_sha512": "efb97a90f23cd6cda1c55f29899e9d2fdc49a4a8eddd250aebd80e373c21b520496b5dffdd72f2f8b82033e40b9ffa03dba1d124d0c76ed6e147e77d62749003",
            "output_size": 3114,
            "source": [],
            "source_content": null,
            "source_content_filename": null,
            "source_dir": "modules/lambda/temp",
            "source_file": null,
            "type": "zip"
          },
          "sensitive_attributes": []
        }
      ]
    },
    {
      "module": "module.supervisor_lambda",
      "mode": "managed",
      "type": "aws_cloudwatch_log_group",
      "name": "lambda_logs",
      "provider": "provider[\"registry.terraform.io/hashicorp/aws\"]",
      "instances": [
        {
          "schema_version": 0,
          "attributes": {
            "arn": "arn:aws:logs:us-east-1:637423485585:log-group:/aws/lambda/sre-supervisor-lambda",
            "id": "/aws/lambda/sre-supervisor-lambda",
            "kms_key_id": "",
            "log_group_class": "STANDARD",
            "name": "/aws/lambda/sre-supervisor-lambda",
            "name_prefix": "",
            "retention_in_days": 14,
            "skip_destroy": false,
            "tags": {
              "Environment": "dev",
              "Service": "sre-copilot"
            },
            "tags_all": {
              "Environment": "dev",
              "Service": "sre-copilot"
            }
          },
          "sensitive_attributes": [],
          "private": "bnVsbA=="
        }
      ]
    },
    {
      "module": "module.supervisor_lambda",
      "mode": "managed",
      "type": "aws_lambda_function",
      "name": "function",
      "provider": "provider[\"registry.terraform.io/hashicorp/aws\"]",
      "instances": [
        {
          "schema_version": 0,
          "attributes": {
            "architectures": [
              "x86_64"
            ],
            "arn": "arn:aws:lambda:us-east-1:637423485585:function:sre-supervisor-lambda",
            "code_sha256": "cZ7R50DTBtOZLl8ZN75yZijFRwWmV4hBk8bwwMyvYoU=",
            "code_signing_config_arn": "",
            "dead_letter_config": [],
            "description": "SRE Supervisor Lambda Function",
            "environment": [
              {
                "variables": {
                  "LOG_LEVEL": "INFO"
                }
              }
            ],
            "ephemeral_storage": [
              {
                "size": 512
              }
            ],
            "file_system_config": [],
            "filename": "modules/lambda/lambda_function.zip",
            "function_name": "sre-supervisor-lambda",
            "handler": "lambda_function.lambda_handler",
            "id": "sre-supervisor-lambda",
            "image_config": [],
            "image_uri": "",
            "invoke_arn": "arn:aws:apigateway:us-east-1:lambda:path/2015-03-31/functions/arn:aws:lambda:us-east-1:637423485585:function:sre-supervisor-lambda/invocations",
            "kms_key_arn": "",
            "last_modified": "2025-08-02T11:05:00.000+0000",
            "layers": [],
            "logging_config": [
              {
                "application_log_level": "",
                "log_format": "Text",
                "log_group": "/aws/lambda/sre-supervisor-lambda",
                "system_log_level": ""
              }
            ],
            "memory_size": 256,
            "package_type": "Zip",
            "publish": false,
            "qualified_arn": "arn:aws:lambda:us-east-1:637423485585:function:sre-supervisor-lambda:$LATEST",
            "qualified_invoke_arn": "arn:aws:apigateway:us-east-1:lambda:path/2015-03-31/functions/arn:aws:lambda:us-east-1:637423485585:function:sre-supervisor-lambda:$LATEST/invocations",
            "replace_security_groups_on_destroy": null,
            "replacement_security_group_ids": null,
            "reserved_concurrent_executions": -1,
            "role": "arn:aws:iam::637423485585:role/sre-lambda-role",
            "runtime": "python3.9",
            "s3_bucket": null,
            "s3_key": null,
            "s3_object_version": null,
            "signing_job_arn": "",
            "signing_profile_version_arn": "",
            "skip_destroy": false,
            "snap_start": [],
            "source_code_hash": "cZ7R50DTBtOZLl8ZN75yZijFRwWmV4hBk8bwwMyvYoU=",
            "source_code_size": 3114,
            "tags": {
              "Environment": "dev",
              "Service": "sre-copilot"
            },
            "tags_all": {
              "Environment": "dev",
              "Service": "sre-copilot"
            },
            "timeout": 30,
            "timeouts": null,
            "tracing_config": [
              {
                "mode": "PassThrough"
              }
            ],
            "version": "$LATEST",
            "vpc_config": []
          },
          "sensitive_attributes": [],
          "private": "eyJlMmJmYjczMC1lY2FhLTExZTYtOGY4OC0zNDM2M2JjN2M0YzAiOnsiY3JlYXRlIjo2MDAwMDAwMDAwMDAsImRlbGV0ZSI6NjAwMDAwMDAwMDAwLCJ1cGRhdGUiOjYwMDAwMDAwMDAwMH19",
          "dependencies": [
            "aws_iam_role.sre_lambda_role",
            "module.supervisor_lambda.data.archive_file.lambda_zip",
            "module.supervisor_lambda.null_resource.prepare_lambda"
          ]
        }
      ]
    },
    {
      "module": "module.supervisor_lambda",
      "mode": "managed",
      "type": "null_resource",
      "name": "prepare_lambda",
      "provider": "provider[\"registry.terraform.io/hashicorp/null\"]",
      "instances": [
        {
          "schema_version": 0,
          "attributes": {
            "id": "584413571763577261",
            "triggers": {
              "lambda_file": "e6fa9d0097f668fe13cdb1b054b173cdff47c9e81b930b887f3842d4217cde76",
              "source_code": "f7b0f90ec6da8fcdfa13654a77dba7c2e8566c6250465e8a9d762855ce4632ca"
            }
          },
          "sensitive_attributes": []
        }
      ]
    },
    {
      "module": "module.trusted_advisor_agent_lambda",
      "mode": "data",
      "type": "archive_file",
      "name": "lambda_zip",
      "provider": "provider[\"registry.terraform.io/hashicorp/archive\"]",
      "instances": [
        {
          "schema_version": 0,
          "attributes": {
            "exclude_symlink_directories": null,
            "excludes": null,
            "id": "858db12b563ea51d30a359c84f0946da56e2339d",
            "output_base64sha256": "GQnS7GeCqeQ56gzAToC/x0/g24TimFlGObypVNe76bY=",
            "output_base64sha512": "CP3+zAXo8GPk0PTCkWUI5sYswSoM/7YglemQC9fCgSwFZa3VO1rCKF11BZ0bJffbSRqzTcMHIO3NNMW97bJolg==",
            "output_file_mode": null,
            "output_md5": "4c7bfd601c92b9cd3be9da7e6622c8fd",
            "output_path": "modules/lambda/lambda_function.zip",
            "output_sha": "858db12b563ea51d30a359c84f0946da56e2339d",
            "output_sha256": "1909d2ec6782a9e439ea0cc04e80bfc74fe0db84e298594639bca954d7bbe9b6",
            "output_sha512": "08fdfecc05e8f063e4d0f4c2916508e6c62cc12a0cffb62095e9900bd7c2812c0565add53b5ac2285d75059d1b25f7db491ab34dc30720edcd34c5bdedb26896",
            "output_size": 2066,
            "source": [],
            "source_content": null,
            "source_content_filename": null,
            "source_dir": "modules/lambda/temp",
            "source_file": null,
            "type": "zip"
          },
          "sensitive_attributes": []
        }
      ]
    },
    {
      "module": "module.trusted_advisor_agent_lambda",
      "mode": "managed",
      "type": "aws_cloudwatch_log_group",
      "name": "lambda_logs",
      "provider": "provider[\"registry.terraform.io/hashicorp/aws\"]",
      "instances": [
        {
          "schema_version": 0,
          "attributes": {
            "arn": "arn:aws:logs:us-east-1:637423485585:log-group:/aws/lambda/sre-trusted-advisor-agent-lambda",
            "id": "/aws/lambda/sre-trusted-advisor-agent-lambda",
            "kms_key_id": "",
            "log_group_class": "STANDARD",
            "name": "/aws/lambda/sre-trusted-advisor-agent-lambda",
            "name_prefix": "",
            "retention_in_days": 14,
            "skip_destroy": false,
            "tags": {
              "Environment": "dev",
              "Service": "sre-copilot"
            },
            "tags_all": {
              "Environment": "dev",
              "Service": "sre-copilot"
            }
          },
          "sensitive_attributes": [],
          "private": "bnVsbA=="
        }
      ]
    },
    {
      "module": "module.trusted_advisor_agent_lambda",
      "mode": "managed",
      "type": "aws_lambda_function",
      "name": "function",
      "provider": "provider[\"registry.terraform.io/hashicorp/aws\"]",
      "instances": [
        {
          "schema_version": 0,
          "attributes": {
            "architectures": [
              "x86_64"
            ],
            "arn": "arn:aws:lambda:us-east-1:637423485585:function:sre-trusted-advisor-agent-lambda",
            "code_sha256": "GQnS7GeCqeQ56gzAToC/x0/g24TimFlGObypVNe76bY=",
            "code_signing_config_arn": "",
            "dead_letter_config": [],
            "description": "SRE Trusted Advisor Agent Lambda Function",
            "environment": [
              {
                "variables": {
                  "LOG_LEVEL": "INFO"
                }
              }
            ],
            "ephemeral_storage": [
              {
                "size": 512
              }
            ],
            "file_system_config": [],
            "filename": "modules/lambda/lambda_function.zip",
            "function_name": "sre-trusted-advisor-agent-lambda",
            "handler": "lambda_function.lambda_handler",
            "id": "sre-trusted-advisor-agent-lambda",
            "image_config": [],
            "image_uri": "",
            "invoke_arn": "arn:aws:apigateway:us-east-1:lambda:path/2015-03-31/functions/arn:aws:lambda:us-east-1:637423485585:function:sre-trusted-advisor-agent-lambda/invocations",
            "kms_key_arn": "",
            "last_modified": "2025-08-02T10:37:11.308+0000",
            "layers": null,
            "logging_config": [
              {
                "application_log_level": "",
                "log_format": "Text",
                "log_group": "/aws/lambda/sre-trusted-advisor-agent-lambda",
                "system_log_level": ""
              }
            ],
            "memory_size": 256,
            "package_type": "Zip",
            "publish": false,
            "qualified_arn": "arn:aws:lambda:us-east-1:637423485585:function:sre-trusted-advisor-agent-lambda:$LATEST",
            "qualified_invoke_arn": "arn:aws:apigateway:us-east-1:lambda:path/2015-03-31/functions/arn:aws:lambda:us-east-1:637423485585:function:sre-trusted-advisor-agent-lambda:$LATEST/invocations",
            "replace_security_groups_on_destroy": null,
            "replacement_security_group_ids": null,
            "reserved_concurrent_executions": -1,
            "role": "arn:aws:iam::637423485585:role/sre-lambda-role",
            "runtime": "python3.9",
            "s3_bucket": null,
            "s3_key": null,
            "s3_object_version": null,
            "signing_job_arn": "",
            "signing_profile_version_arn": "",
            "skip_destroy": false,
            "snap_start": [],
            "source_code_hash": "GQnS7GeCqeQ56gzAToC/x0/g24TimFlGObypVNe76bY=",
            "source_code_size": 2066,
            "tags": {
              "Environment": "dev",
              "Service": "sre-copilot"
            },
            "tags_all": {
              "Environment": "dev",
              "Service": "sre-copilot"
            },
            "timeout": 300,
            "timeouts": null,
            "tracing_config": [
              {
                "mode": "PassThrough"
              }
            ],
            "version": "$LATEST",
            "vpc_config": []
          },
          "sensitive_attributes": [],
          "private": "eyJlMmJmYjczMC1lY2FhLTExZTYtOGY4OC0zNDM2M2JjN2M0YzAiOnsiY3JlYXRlIjo2MDAwMDAwMDAwMDAsImRlbGV0ZSI6NjAwMDAwMDAwMDAwLCJ1cGRhdGUiOjYwMDAwMDAwMDAwMH19",
          "dependencies": [
            "aws_iam_role.sre_lambda_role",
            "module.trusted_advisor_agent_lambda.data.archive_file.lambda_zip",
            "module.trusted_advisor_agent_lambda.null_resource.prepare_lambda"
          ]
        }
      ]
    },
    {
      "module": "module.trusted_advisor_agent_lambda",
      "mode": "managed",
      "type": "null_resource",
      "name": "prepare_lambda",
      "provider": "provider[\"registry.terraform.io/hashicorp/null\"]",
      "instances": [
        {
          "schema_version": 0,
          "attributes": {
            "id": "8927202172452953953",
            "triggers": {
              "lambda_file": "7c434dd832bc16863a0aac9db52c2d064d0b43b4b2c51b98da02a7d273e85142",
              "source_code": "no-requirements"
            }
          },
          "sensitive_attributes": []
        }
      ]
    },
    {
      "module": "module.vpc_agent_lambda",
      "mode": "managed",
      "type": "aws_cloudwatch_log_group",
      "name": "lambda_logs",
      "provider": "provider[\"registry.terraform.io/hashicorp/aws\"]",
      "instances": [
        {
          "schema_version": 0,
          "attributes": {
            "arn": "arn:aws:logs:us-east-1:637423485585:log-group:/aws/lambda/sre-vpc-agent-lambda",
            "id": "/aws/lambda/sre-vpc-agent-lambda",
            "kms_key_id": "",
            "log_group_class": "STANDARD",
            "name": "/aws/lambda/sre-vpc-agent-lambda",
            "name_prefix": "",
            "retention_in_days": 14,
            "skip_destroy": false,
            "tags": {
              "Environment": "dev",
              "Service": "sre-copilot"
            },
            "tags_all": {
              "Environment": "dev",
              "Service": "sre-copilot"
            }
          },
          "sensitive_attributes": [],
          "private": "bnVsbA=="
        }
      ]
    },
    {
      "module": "module.vpc_agent_lambda",
      "mode": "managed",
      "type": "null_resource",
      "name": "prepare_lambda",
      "provider": "provider[\"registry.terraform.io/hashicorp/null\"]",
      "instances": [
        {
          "schema_version": 0,
          "attributes": {
            "id": "4896829697122167624",
            "triggers": {
              "lambda_file": "958e96c9a497d604c65c34b3bcf6ba808c0b00184bb304eccbf724532283f535",
              "source_code": "no-requirements"
            }
          },
          "sensitive_attributes": []
        }
      ]
    },
    {
      "module": "module.vpc_flow_logs_agent_lambda",
      "mode": "data",
      "type": "archive_file",
      "name": "lambda_zip",
      "provider": "provider[\"registry.terraform.io/hashicorp/archive\"]",
      "instances": [
        {
          "schema_version": 0,
          "attributes": {
            "exclude_symlink_directories": null,
            "excludes": null,
            "id": "858db12b563ea51d30a359c84f0946da56e2339d",
            "output_base64sha256": "GQnS7GeCqeQ56gzAToC/x0/g24TimFlGObypVNe76bY=",
            "output_base64sha512": "CP3+zAXo8GPk0PTCkWUI5sYswSoM/7YglemQC9fCgSwFZa3VO1rCKF11BZ0bJffbSRqzTcMHIO3NNMW97bJolg==",
            "output_file_mode": null,
            "output_md5": "4c7bfd601c92b9cd3be9da7e6622c8fd",
            "output_path": "modules/lambda/lambda_function.zip",
            "output_sha": "858db12b563ea51d30a359c84f0946da56e2339d",
            "output_sha256": "1909d2ec6782a9e439ea0cc04e80bfc74fe0db84e298594639bca954d7bbe9b6",
            "output_sha512": "08fdfecc05e8f063e4d0f4c2916508e6c62cc12a0cffb62095e9900bd7c2812c0565add53b5ac2285d75059d1b25f7db491ab34dc30720edcd34c5bdedb26896",
            "output_size": 2066,
            "source": [],
            "source_content": null,
            "source_content_filename": null,
            "source_dir": "modules/lambda/temp",
            "source_file": null,
            "type": "zip"
          },
          "sensitive_attributes": []
        }
      ]
    },
    {
      "module": "module.vpc_flow_logs_agent_lambda",
      "mode": "managed",
      "type": "aws_cloudwatch_log_group",
      "name": "lambda_logs",
      "provider": "provider[\"registry.terraform.io/hashicorp/aws\"]",
      "instances": [
        {
          "schema_version": 0,
          "attributes": {
            "arn": "arn:aws:logs:us-east-1:637423485585:log-group:/aws/lambda/sre-vpc-flow-logs-agent-lambda",
            "id": "/aws/lambda/sre-vpc-flow-logs-agent-lambda",
            "kms_key_id": "",
            "log_group_class": "STANDARD",
            "name": "/aws/lambda/sre-vpc-flow-logs-agent-lambda",
            "name_prefix": "",
            "retention_in_days": 14,
            "skip_destroy": false,
            "tags": {
              "Environment": "dev",
              "Service": "sre-copilot"
            },
            "tags_all": {
              "Environment": "dev",
              "Service": "sre-copilot"
            }
          },
          "sensitive_attributes": [],
          "private": "bnVsbA=="
        }
      ]
    },
    {
      "module": "module.vpc_flow_logs_agent_lambda",
      "mode": "managed",
      "type": "aws_lambda_function",
      "name": "function",
      "provider": "provider[\"registry.terraform.io/hashicorp/aws\"]",
      "instances": [
        {
          "schema_version": 0,
          "attributes": {
            "architectures": [
              "x86_64"
            ],
            "arn": "arn:aws:lambda:us-east-1:637423485585:function:sre-vpc-flow-logs-agent-lambda",
            "code_sha256": "GQnS7GeCqeQ56gzAToC/x0/g24TimFlGObypVNe76bY=",
            "code_signing_config_arn": "",
            "dead_letter_config": [],
            "description": "SRE VPC Flow Logs Agent Lambda Function",
            "environment": [
              {
                "variables": {
                  "LOG_LEVEL": "INFO",
                  "SUPERVISOR_ID": "XKVWGESIAX"
                }
              }
            ],
            "ephemeral_storage": [
              {
                "size": 512
              }
            ],
            "file_system_config": [],
            "filename": "modules/lambda/lambda_function.zip",
            "function_name": "sre-vpc-flow-logs-agent-lambda",
            "handler": "lambda_function.lambda_handler",
            "id": "sre-vpc-flow-logs-agent-lambda",
            "image_config": [],
            "image_uri": "",
            "invoke_arn": "arn:aws:apigateway:us-east-1:lambda:path/2015-03-31/functions/arn:aws:lambda:us-east-1:637423485585:function:sre-vpc-flow-logs-agent-lambda/invocations",
            "kms_key_arn": "",
            "last_modified": "2025-08-02T10:40:21.266+0000",
            "layers": null,
            "logging_config": [
              {
                "application_log_level": "",
                "log_format": "Text",
                "log_group": "/aws/lambda/sre-vpc-flow-logs-agent-lambda",
                "system_log_level": ""
              }
            ],
            "memory_size": 256,
            "package_type": "Zip",
            "publish": false,
            "qualified_arn": "arn:aws:lambda:us-east-1:637423485585:function:sre-vpc-flow-logs-agent-lambda:$LATEST",
            "qualified_invoke_arn": "arn:aws:apigateway:us-east-1:lambda:path/2015-03-31/functions/arn:aws:lambda:us-east-1:637423485585:function:sre-vpc-flow-logs-agent-lambda:$LATEST/invocations",
            "replace_security_groups_on_destroy": null,
            "replacement_security_group_ids": null,
            "reserved_concurrent_executions": -1,
            "role": "arn:aws:iam::637423485585:role/sre-lambda-role",
            "runtime": "python3.9",
            "s3_bucket": null,
            "s3_key": null,
            "s3_object_version": null,
            "signing_job_arn": "",
            "signing_profile_version_arn": "",
            "skip_destroy": false,
            "snap_start": [],
            "source_code_hash": "GQnS7GeCqeQ56gzAToC/x0/g24TimFlGObypVNe76bY=",
            "source_code_size": 2066,
            "tags": {
              "Environment": "dev",
              "Service": "sre-copilot"
            },
            "tags_all": {
              "Environment": "dev",
              "Service": "sre-copilot"
            },
            "timeout": 60,
            "timeouts": null,
            "tracing_config": [
              {
                "mode": "PassThrough"
              }
            ],
            "version": "$LATEST",
            "vpc_config": []
          },
          "sensitive_attributes": [],
          "private": "eyJlMmJmYjczMC1lY2FhLTExZTYtOGY4OC0zNDM2M2JjN2M0YzAiOnsiY3JlYXRlIjo2MDAwMDAwMDAwMDAsImRlbGV0ZSI6NjAwMDAwMDAwMDAwLCJ1cGRhdGUiOjYwMDAwMDAwMDAwMH19",
          "dependencies": [
            "aws_iam_role.sre_lambda_role",
            "module.vpc_flow_logs_agent_lambda.data.archive_file.lambda_zip",
            "module.vpc_flow_logs_agent_lambda.null_resource.prepare_lambda"
          ]
        }
      ]
    },
    {
      "module": "module.vpc_flow_logs_agent_lambda",
      "mode": "managed",
      "type": "null_resource",
      "name": "prepare_lambda",
      "provider": "provider[\"registry.terraform.io/hashicorp/null\"]",
      "instances": [
        {
          "schema_version": 0,
          "attributes": {
            "id": "7490992657128656852",
            "triggers": {
              "lambda_file": "a67f49f388260bfcd6e441152970cbdabdcbfc901ea6082e66fa382c9ac6b5c2",
              "source_code": "no-requirements"
            }
          },
          "sensitive_attributes": []
        }
      ]
    }
  ],
  "check_results": null
}
