{
  "version": 4,
  "terraform_version": "1.11.4",
  "serial": 35,
  "lineage": "7112cbd0-7881-f9eb-7d57-08d6e3d24d48",
  "outputs": {
    "lambda_role_arn": {
      "value": "arn:aws:iam::637423485585:role/sre-lambda-role",
      "type": "string"
    },
    "log_analyzer_lambda": {
      "value": {
        "arn": "arn:aws:lambda:us-east-1:637423485585:function:sre-log-analyzer-lambda",
        "invoke_arn": "arn:aws:apigateway:us-east-1:lambda:path/2015-03-31/functions/arn:aws:lambda:us-east-1:637423485585:function:sre-log-analyzer-lambda/invocations",
        "log_group": "/aws/lambda/sre-log-analyzer-lambda",
        "name": "sre-log-analyzer-lambda"
      },
      "type": [
        "object",
        {
          "arn": "string",
          "invoke_arn": "string",
          "log_group": "string",
          "name": "string"
        }
      ]
    },
    "metrics_analyzer_lambda": {
      "value": {
        "arn": "arn:aws:lambda:us-east-1:637423485585:function:sre-metrics-analyzer-lambda",
        "invoke_arn": "arn:aws:apigateway:us-east-1:lambda:path/2015-03-31/functions/arn:aws:lambda:us-east-1:637423485585:function:sre-metrics-analyzer-lambda/invocations",
        "log_group": "/aws/lambda/sre-metrics-analyzer-lambda",
        "name": "sre-metrics-analyzer-lambda"
      },
      "type": [
        "object",
        {
          "arn": "string",
          "invoke_arn": "string",
          "log_group": "string",
          "name": "string"
        }
      ]
    },
    "supervisor_lambda": {
      "value": {
        "arn": "arn:aws:lambda:us-east-1:637423485585:function:sre-supervisor-lambda",
        "invoke_arn": "arn:aws:apigateway:us-east-1:lambda:path/2015-03-31/functions/arn:aws:lambda:us-east-1:637423485585:function:sre-supervisor-lambda/invocations",
        "log_group": "/aws/lambda/sre-supervisor-lambda",
        "name": "sre-supervisor-lambda"
      },
      "type": [
        "object",
        {
          "arn": "string",
          "invoke_arn": "string",
          "log_group": "string",
          "name": "string"
        }
      ]
    }
  },
  "resources": [
    {
      "mode": "managed",
      "type": "aws_iam_role",
      "name": "sre_lambda_role",
      "provider": "provider[\"registry.terraform.io/hashicorp/aws\"]",
      "instances": [
        {
          "schema_version": 0,
          "attributes": {
            "arn": "arn:aws:iam::637423485585:role/sre-lambda-role",
            "assume_role_policy": "{\"Statement\":[{\"Action\":\"sts:AssumeRole\",\"Effect\":\"Allow\",\"Principal\":{\"Service\":\"lambda.amazonaws.com\"}}],\"Version\":\"2012-10-17\"}",
            "create_date": "2025-04-15T15:53:18Z",
            "description": "",
            "force_detach_policies": false,
            "id": "sre-lambda-role",
            "inline_policy": [
              {
                "name": "bedrock-access",
                "policy": "{\"Version\":\"2012-10-17\",\"Statement\":[{\"Action\":[\"bedrock:*\"],\"Effect\":\"Allow\",\"Resource\":\"*\"}]}"
              }
            ],
            "managed_policy_arns": [
              "arn:aws:iam::aws:policy/service-role/AWSLambdaBasicExecutionRole"
            ],
            "max_session_duration": 3600,
            "name": "sre-lambda-role",
            "name_prefix": "",
            "path": "/",
            "permissions_boundary": "",
            "tags": {},
            "tags_all": {},
            "unique_id": "AROAZI2LGQKI6G3MRKRS3"
          },
          "sensitive_attributes": [],
          "private": "bnVsbA=="
        }
      ]
    },
    {
      "mode": "managed",
      "type": "aws_iam_role_policy",
      "name": "bedrock_access",
      "provider": "provider[\"registry.terraform.io/hashicorp/aws\"]",
      "instances": [
        {
          "schema_version": 0,
          "attributes": {
            "id": "sre-lambda-role:bedrock-access",
            "name": "bedrock-access",
            "name_prefix": "",
            "policy": "{\"Version\":\"2012-10-17\",\"Statement\":[{\"Action\":[\"bedrock:*\"],\"Effect\":\"Allow\",\"Resource\":\"*\"}]}",
            "role": "sre-lambda-role"
          },
          "sensitive_attributes": [],
          "private": "bnVsbA==",
          "dependencies": [
            "aws_iam_role.sre_lambda_role"
          ]
        }
      ]
    },
    {
      "mode": "managed",
      "type": "aws_iam_role_policy_attachment",
      "name": "lambda_basic",
      "provider": "provider[\"registry.terraform.io/hashicorp/aws\"]",
      "instances": [
        {
          "schema_version": 0,
          "attributes": {
            "id": "sre-lambda-role-20250415155322741700000001",
            "policy_arn": "arn:aws:iam::aws:policy/service-role/AWSLambdaBasicExecutionRole",
            "role": "sre-lambda-role"
          },
          "sensitive_attributes": [],
          "private": "bnVsbA==",
          "dependencies": [
            "aws_iam_role.sre_lambda_role"
          ]
        }
      ]
    },
    {
      "module": "module.log_analyzer_lambda",
      "mode": "data",
      "type": "archive_file",
      "name": "lambda_zip",
      "provider": "provider[\"registry.terraform.io/hashicorp/archive\"]",
      "instances": [
        {
          "schema_version": 0,
          "attributes": {
            "exclude_symlink_directories": null,
            "excludes": null,
            "id": "75d75e70ec62a9e0e4165fff5ad26db9bf9f4b1f",
            "output_base64sha256": "f37YafMaiTTHw83wxpcPzuTWcRjsuYXAiMO94Q0xPZM=",
            "output_base64sha512": "1mGi9LGQHWbK2QEB46Bg8trIu6OSMtKDtlI5PioGsdbA0AHgzWx8P7TvZb5rSZIyVFzD8S48r7AUEJRBRC3I3Q==",
            "output_file_mode": null,
            "output_md5": "e1da0dd29b2a56dbefa99d9ddafe6b38",
            "output_path": "modules/lambda/lambda_function.zip",
            "output_sha": "75d75e70ec62a9e0e4165fff5ad26db9bf9f4b1f",
            "output_sha256": "7f7ed869f31a8934c7c3cdf0c6970fcee4d67118ecb985c088c3bde10d313d93",
            "output_sha512": "d661a2f4b1901d66cad90101e3a060f2dac8bba39232d283b652393e2a06b1d6c0d001e0cd6c7c3fb4ef65be6b499232545cc3f12e3cafb014109441442dc8dd",
            "output_size": 453481,
            "source": [],
            "source_content": null,
            "source_content_filename": null,
            "source_dir": "modules/lambda/temp",
            "source_file": null,
            "type": "zip"
          },
          "sensitive_attributes": []
        }
      ]
    },
    {
      "module": "module.log_analyzer_lambda",
      "mode": "managed",
      "type": "aws_cloudwatch_log_group",
      "name": "lambda_logs",
      "provider": "provider[\"registry.terraform.io/hashicorp/aws\"]",
      "instances": [
        {
          "schema_version": 0,
          "attributes": {
            "arn": "arn:aws:logs:us-east-1:637423485585:log-group:/aws/lambda/sre-log-analyzer-lambda",
            "id": "/aws/lambda/sre-log-analyzer-lambda",
            "kms_key_id": "",
            "log_group_class": "STANDARD",
            "name": "/aws/lambda/sre-log-analyzer-lambda",
            "name_prefix": "",
            "retention_in_days": 14,
            "skip_destroy": false,
            "tags": {
              "Environment": "dev",
              "Service": "sre-copilot"
            },
            "tags_all": {
              "Environment": "dev",
              "Service": "sre-copilot"
            }
          },
          "sensitive_attributes": [],
          "private": "bnVsbA=="
        }
      ]
    },
    {
      "module": "module.log_analyzer_lambda",
      "mode": "managed",
      "type": "aws_lambda_function",
      "name": "function",
      "provider": "provider[\"registry.terraform.io/hashicorp/aws\"]",
      "instances": [
        {
          "schema_version": 0,
          "attributes": {
            "architectures": [
              "x86_64"
            ],
            "arn": "arn:aws:lambda:us-east-1:637423485585:function:sre-log-analyzer-lambda",
            "code_sha256": "f37YafMaiTTHw83wxpcPzuTWcRjsuYXAiMO94Q0xPZM=",
            "code_signing_config_arn": "",
            "dead_letter_config": [],
            "description": "SRE Log Analyzer Lambda Function",
            "environment": [
              {
                "variables": {
                  "LOG_LEVEL": "INFO"
                }
              }
            ],
            "ephemeral_storage": [
              {
                "size": 512
              }
            ],
            "file_system_config": [],
            "filename": "modules/lambda/lambda_function.zip",
            "function_name": "sre-log-analyzer-lambda",
            "handler": "lambda_function.lambda_handler",
            "id": "sre-log-analyzer-lambda",
            "image_config": [],
            "image_uri": "",
            "invoke_arn": "arn:aws:apigateway:us-east-1:lambda:path/2015-03-31/functions/arn:aws:lambda:us-east-1:637423485585:function:sre-log-analyzer-lambda/invocations",
            "kms_key_arn": "",
            "last_modified": "2025-04-15T15:53:57.894+0000",
            "layers": [],
            "logging_config": [
              {
                "application_log_level": "",
                "log_format": "Text",
                "log_group": "/aws/lambda/sre-log-analyzer-lambda",
                "system_log_level": ""
              }
            ],
            "memory_size": 256,
            "package_type": "Zip",
            "publish": false,
            "qualified_arn": "arn:aws:lambda:us-east-1:637423485585:function:sre-log-analyzer-lambda:$LATEST",
            "qualified_invoke_arn": "arn:aws:apigateway:us-east-1:lambda:path/2015-03-31/functions/arn:aws:lambda:us-east-1:637423485585:function:sre-log-analyzer-lambda:$LATEST/invocations",
            "replace_security_groups_on_destroy": null,
            "replacement_security_group_ids": null,
            "reserved_concurrent_executions": -1,
            "role": "arn:aws:iam::637423485585:role/sre-lambda-role",
            "runtime": "python3.9",
            "s3_bucket": null,
            "s3_key": null,
            "s3_object_version": null,
            "signing_job_arn": "",
            "signing_profile_version_arn": "",
            "skip_destroy": false,
            "snap_start": [],
            "source_code_hash": "f37YafMaiTTHw83wxpcPzuTWcRjsuYXAiMO94Q0xPZM=",
            "source_code_size": 453481,
            "tags": {
              "Environment": "dev",
              "Service": "sre-copilot"
            },
            "tags_all": {
              "Environment": "dev",
              "Service": "sre-copilot"
            },
            "timeout": 30,
            "timeouts": null,
            "tracing_config": [
              {
                "mode": "PassThrough"
              }
            ],
            "version": "$LATEST",
            "vpc_config": []
          },
          "sensitive_attributes": [],
          "private": "eyJlMmJmYjczMC1lY2FhLTExZTYtOGY4OC0zNDM2M2JjN2M0YzAiOnsiY3JlYXRlIjo2MDAwMDAwMDAwMDAsImRlbGV0ZSI6NjAwMDAwMDAwMDAwLCJ1cGRhdGUiOjYwMDAwMDAwMDAwMH19",
          "dependencies": [
            "aws_iam_role.sre_lambda_role",
            "module.log_analyzer_lambda.data.archive_file.lambda_zip",
            "module.log_analyzer_lambda.null_resource.prepare_lambda"
          ]
        }
      ]
    },
    {
      "module": "module.log_analyzer_lambda",
      "mode": "managed",
      "type": "null_resource",
      "name": "prepare_lambda",
      "provider": "provider[\"registry.terraform.io/hashicorp/null\"]",
      "instances": [
        {
          "schema_version": 0,
          "attributes": {
            "id": "820900900",
            "triggers": {
              "lambda_file": "c80d585bf9b2fea3b5a1473a16fc585381c0d7970994e94673ac8291e93e565f",
              "source_code": "cb06111cd82b2be15a6e6d36719cd4c38857f394474b2e161a1d54a790439ffd"
            }
          },
          "sensitive_attributes": []
        }
      ]
    },
    {
      "module": "module.metrics_analyzer_lambda",
      "mode": "data",
      "type": "archive_file",
      "name": "lambda_zip",
      "provider": "provider[\"registry.terraform.io/hashicorp/archive\"]",
      "instances": [
        {
          "schema_version": 0,
          "attributes": {
            "exclude_symlink_directories": null,
            "excludes": null,
            "id": "75d75e70ec62a9e0e4165fff5ad26db9bf9f4b1f",
            "output_base64sha256": "f37YafMaiTTHw83wxpcPzuTWcRjsuYXAiMO94Q0xPZM=",
            "output_base64sha512": "1mGi9LGQHWbK2QEB46Bg8trIu6OSMtKDtlI5PioGsdbA0AHgzWx8P7TvZb5rSZIyVFzD8S48r7AUEJRBRC3I3Q==",
            "output_file_mode": null,
            "output_md5": "e1da0dd29b2a56dbefa99d9ddafe6b38",
            "output_path": "modules/lambda/lambda_function.zip",
            "output_sha": "75d75e70ec62a9e0e4165fff5ad26db9bf9f4b1f",
            "output_sha256": "7f7ed869f31a8934c7c3cdf0c6970fcee4d67118ecb985c088c3bde10d313d93",
            "output_sha512": "d661a2f4b1901d66cad90101e3a060f2dac8bba39232d283b652393e2a06b1d6c0d001e0cd6c7c3fb4ef65be6b499232545cc3f12e3cafb014109441442dc8dd",
            "output_size": 453481,
            "source": [],
            "source_content": null,
            "source_content_filename": null,
            "source_dir": "modules/lambda/temp",
            "source_file": null,
            "type": "zip"
          },
          "sensitive_attributes": []
        }
      ]
    },
    {
      "module": "module.metrics_analyzer_lambda",
      "mode": "managed",
      "type": "aws_cloudwatch_log_group",
      "name": "lambda_logs",
      "provider": "provider[\"registry.terraform.io/hashicorp/aws\"]",
      "instances": [
        {
          "schema_version": 0,
          "attributes": {
            "arn": "arn:aws:logs:us-east-1:637423485585:log-group:/aws/lambda/sre-metrics-analyzer-lambda",
            "id": "/aws/lambda/sre-metrics-analyzer-lambda",
            "kms_key_id": "",
            "log_group_class": "STANDARD",
            "name": "/aws/lambda/sre-metrics-analyzer-lambda",
            "name_prefix": "",
            "retention_in_days": 14,
            "skip_destroy": false,
            "tags": {
              "Environment": "dev",
              "Service": "sre-copilot"
            },
            "tags_all": {
              "Environment": "dev",
              "Service": "sre-copilot"
            }
          },
          "sensitive_attributes": [],
          "private": "bnVsbA=="
        }
      ]
    },
    {
      "module": "module.metrics_analyzer_lambda",
      "mode": "managed",
      "type": "aws_lambda_function",
      "name": "function",
      "provider": "provider[\"registry.terraform.io/hashicorp/aws\"]",
      "instances": [
        {
          "schema_version": 0,
          "attributes": {
            "architectures": [
              "x86_64"
            ],
            "arn": "arn:aws:lambda:us-east-1:637423485585:function:sre-metrics-analyzer-lambda",
            "code_sha256": "f37YafMaiTTHw83wxpcPzuTWcRjsuYXAiMO94Q0xPZM=",
            "code_signing_config_arn": "",
            "dead_letter_config": [],
            "description": "SRE Metrics Analyzer Lambda Function",
            "environment": [
              {
                "variables": {
                  "LOG_LEVEL": "INFO"
                }
              }
            ],
            "ephemeral_storage": [
              {
                "size": 512
              }
            ],
            "file_system_config": [],
            "filename": "modules/lambda/lambda_function.zip",
            "function_name": "sre-metrics-analyzer-lambda",
            "handler": "lambda_function.lambda_handler",
            "id": "sre-metrics-analyzer-lambda",
            "image_config": [],
            "image_uri": "",
            "invoke_arn": "arn:aws:apigateway:us-east-1:lambda:path/2015-03-31/functions/arn:aws:lambda:us-east-1:637423485585:function:sre-metrics-analyzer-lambda/invocations",
            "kms_key_arn": "",
            "last_modified": "2025-04-15T15:54:03.976+0000",
            "layers": [],
            "logging_config": [
              {
                "application_log_level": "",
                "log_format": "Text",
                "log_group": "/aws/lambda/sre-metrics-analyzer-lambda",
                "system_log_level": ""
              }
            ],
            "memory_size": 256,
            "package_type": "Zip",
            "publish": false,
            "qualified_arn": "arn:aws:lambda:us-east-1:637423485585:function:sre-metrics-analyzer-lambda:$LATEST",
            "qualified_invoke_arn": "arn:aws:apigateway:us-east-1:lambda:path/2015-03-31/functions/arn:aws:lambda:us-east-1:637423485585:function:sre-metrics-analyzer-lambda:$LATEST/invocations",
            "replace_security_groups_on_destroy": null,
            "replacement_security_group_ids": null,
            "reserved_concurrent_executions": -1,
            "role": "arn:aws:iam::637423485585:role/sre-lambda-role",
            "runtime": "python3.9",
            "s3_bucket": null,
            "s3_key": null,
            "s3_object_version": null,
            "signing_job_arn": "",
            "signing_profile_version_arn": "",
            "skip_destroy": false,
            "snap_start": [],
            "source_code_hash": "f37YafMaiTTHw83wxpcPzuTWcRjsuYXAiMO94Q0xPZM=",
            "source_code_size": 453481,
            "tags": {
              "Environment": "dev",
              "Service": "sre-copilot"
            },
            "tags_all": {
              "Environment": "dev",
              "Service": "sre-copilot"
            },
            "timeout": 30,
            "timeouts": null,
            "tracing_config": [
              {
                "mode": "PassThrough"
              }
            ],
            "version": "$LATEST",
            "vpc_config": []
          },
          "sensitive_attributes": [],
          "private": "eyJlMmJmYjczMC1lY2FhLTExZTYtOGY4OC0zNDM2M2JjN2M0YzAiOnsiY3JlYXRlIjo2MDAwMDAwMDAwMDAsImRlbGV0ZSI6NjAwMDAwMDAwMDAwLCJ1cGRhdGUiOjYwMDAwMDAwMDAwMH19",
          "dependencies": [
            "aws_iam_role.sre_lambda_role",
            "module.metrics_analyzer_lambda.data.archive_file.lambda_zip",
            "module.metrics_analyzer_lambda.null_resource.prepare_lambda"
          ]
        }
      ]
    },
    {
      "module": "module.metrics_analyzer_lambda",
      "mode": "managed",
      "type": "null_resource",
      "name": "prepare_lambda",
      "provider": "provider[\"registry.terraform.io/hashicorp/null\"]",
      "instances": [
        {
          "schema_version": 0,
          "attributes": {
            "id": "927000606",
            "triggers": {
              "lambda_file": "55952bb7a43eae662ef0bcc842c24492c0eda952f075c6a5547adad116dce041",
              "source_code": "25e015c97b31bbcbe425f6ced39e80de26ba4c20bc44880323331fe784711b6a"
            }
          },
          "sensitive_attributes": []
        }
      ]
    },
    {
      "module": "module.supervisor_lambda",
      "mode": "data",
      "type": "archive_file",
      "name": "lambda_zip",
      "provider": "provider[\"registry.terraform.io/hashicorp/archive\"]",
      "instances": [
        {
          "schema_version": 0,
          "attributes": {
            "exclude_symlink_directories": null,
            "excludes": null,
            "id": "75d75e70ec62a9e0e4165fff5ad26db9bf9f4b1f",
            "output_base64sha256": "f37YafMaiTTHw83wxpcPzuTWcRjsuYXAiMO94Q0xPZM=",
            "output_base64sha512": "1mGi9LGQHWbK2QEB46Bg8trIu6OSMtKDtlI5PioGsdbA0AHgzWx8P7TvZb5rSZIyVFzD8S48r7AUEJRBRC3I3Q==",
            "output_file_mode": null,
            "output_md5": "e1da0dd29b2a56dbefa99d9ddafe6b38",
            "output_path": "modules/lambda/lambda_function.zip",
            "output_sha": "75d75e70ec62a9e0e4165fff5ad26db9bf9f4b1f",
            "output_sha256": "7f7ed869f31a8934c7c3cdf0c6970fcee4d67118ecb985c088c3bde10d313d93",
            "output_sha512": "d661a2f4b1901d66cad90101e3a060f2dac8bba39232d283b652393e2a06b1d6c0d001e0cd6c7c3fb4ef65be6b499232545cc3f12e3cafb014109441442dc8dd",
            "output_size": 453481,
            "source": [],
            "source_content": null,
            "source_content_filename": null,
            "source_dir": "modules/lambda/temp",
            "source_file": null,
            "type": "zip"
          },
          "sensitive_attributes": []
        }
      ]
    },
    {
      "module": "module.supervisor_lambda",
      "mode": "managed",
      "type": "aws_cloudwatch_log_group",
      "name": "lambda_logs",
      "provider": "provider[\"registry.terraform.io/hashicorp/aws\"]",
      "instances": [
        {
          "schema_version": 0,
          "attributes": {
            "arn": "arn:aws:logs:us-east-1:637423485585:log-group:/aws/lambda/sre-supervisor-lambda",
            "id": "/aws/lambda/sre-supervisor-lambda",
            "kms_key_id": "",
            "log_group_class": "STANDARD",
            "name": "/aws/lambda/sre-supervisor-lambda",
            "name_prefix": "",
            "retention_in_days": 14,
            "skip_destroy": false,
            "tags": {
              "Environment": "dev",
              "Service": "sre-copilot"
            },
            "tags_all": {
              "Environment": "dev",
              "Service": "sre-copilot"
            }
          },
          "sensitive_attributes": [],
          "private": "bnVsbA=="
        }
      ]
    },
    {
      "module": "module.supervisor_lambda",
      "mode": "managed",
      "type": "aws_lambda_function",
      "name": "function",
      "provider": "provider[\"registry.terraform.io/hashicorp/aws\"]",
      "instances": [
        {
          "schema_version": 0,
          "attributes": {
            "architectures": [
              "x86_64"
            ],
            "arn": "arn:aws:lambda:us-east-1:637423485585:function:sre-supervisor-lambda",
            "code_sha256": "f37YafMaiTTHw83wxpcPzuTWcRjsuYXAiMO94Q0xPZM=",
            "code_signing_config_arn": "",
            "dead_letter_config": [],
            "description": "SRE Supervisor Lambda Function",
            "environment": [
              {
                "variables": {
                  "LOG_LEVEL": "INFO"
                }
              }
            ],
            "ephemeral_storage": [
              {
                "size": 512
              }
            ],
            "file_system_config": [],
            "filename": "modules/lambda/lambda_function.zip",
            "function_name": "sre-supervisor-lambda",
            "handler": "lambda_function.lambda_handler",
            "id": "sre-supervisor-lambda",
            "image_config": [],
            "image_uri": "",
            "invoke_arn": "arn:aws:apigateway:us-east-1:lambda:path/2015-03-31/functions/arn:aws:lambda:us-east-1:637423485585:function:sre-supervisor-lambda/invocations",
            "kms_key_arn": "",
            "last_modified": "2025-04-15T15:53:51.792+0000",
            "layers": [],
            "logging_config": [
              {
                "application_log_level": "",
                "log_format": "Text",
                "log_group": "/aws/lambda/sre-supervisor-lambda",
                "system_log_level": ""
              }
            ],
            "memory_size": 256,
            "package_type": "Zip",
            "publish": false,
            "qualified_arn": "arn:aws:lambda:us-east-1:637423485585:function:sre-supervisor-lambda:$LATEST",
            "qualified_invoke_arn": "arn:aws:apigateway:us-east-1:lambda:path/2015-03-31/functions/arn:aws:lambda:us-east-1:637423485585:function:sre-supervisor-lambda:$LATEST/invocations",
            "replace_security_groups_on_destroy": null,
            "replacement_security_group_ids": null,
            "reserved_concurrent_executions": -1,
            "role": "arn:aws:iam::637423485585:role/sre-lambda-role",
            "runtime": "python3.9",
            "s3_bucket": null,
            "s3_key": null,
            "s3_object_version": null,
            "signing_job_arn": "",
            "signing_profile_version_arn": "",
            "skip_destroy": false,
            "snap_start": [],
            "source_code_hash": "f37YafMaiTTHw83wxpcPzuTWcRjsuYXAiMO94Q0xPZM=",
            "source_code_size": 453481,
            "tags": {
              "Environment": "dev",
              "Service": "sre-copilot"
            },
            "tags_all": {
              "Environment": "dev",
              "Service": "sre-copilot"
            },
            "timeout": 30,
            "timeouts": null,
            "tracing_config": [
              {
                "mode": "PassThrough"
              }
            ],
            "version": "$LATEST",
            "vpc_config": []
          },
          "sensitive_attributes": [],
          "private": "eyJlMmJmYjczMC1lY2FhLTExZTYtOGY4OC0zNDM2M2JjN2M0YzAiOnsiY3JlYXRlIjo2MDAwMDAwMDAwMDAsImRlbGV0ZSI6NjAwMDAwMDAwMDAwLCJ1cGRhdGUiOjYwMDAwMDAwMDAwMH19",
          "dependencies": [
            "aws_iam_role.sre_lambda_role",
            "module.supervisor_lambda.data.archive_file.lambda_zip",
            "module.supervisor_lambda.null_resource.prepare_lambda"
          ]
        }
      ]
    },
    {
      "module": "module.supervisor_lambda",
      "mode": "managed",
      "type": "null_resource",
      "name": "prepare_lambda",
      "provider": "provider[\"registry.terraform.io/hashicorp/null\"]",
      "instances": [
        {
          "schema_version": 0,
          "attributes": {
            "id": "682785441",
            "triggers": {
              "lambda_file": "a6638451f03b52e68c1ca4c57217a75c0618136c72d7fbcc02a7273423150d9b",
              "source_code": "cb06111cd82b2be15a6e6d36719cd4c38857f394474b2e161a1d54a790439ffd"
            }
          },
          "sensitive_attributes": []
        }
      ]
    }
  ],
  "check_results": null
}
